// !$*UTF8*$!
{
	archiveVersion = 1;
	classes = {
	};
	objectVersion = 51;
	objects = {

/* Begin PBXBuildFile section */
		22809634B132582FF55F3AE5 /* Pods_places.framework in Frameworks */ = {isa = PBXBuildFile; fileRef = 0DB59AA74AEBD85EC2AD439C /* Pods_places.framework */; };
		2B554B0E24E3E28D00A7B1C9 /* AppDelegate.swift in Sources */ = {isa = PBXBuildFile; fileRef = 2B554B0D24E3E28D00A7B1C9 /* AppDelegate.swift */; };
		2B554B1724E3E2A000A7B1C9 /* Assets.xcassets in Resources */ = {isa = PBXBuildFile; fileRef = 2B554B1624E3E2A000A7B1C9 /* Assets.xcassets */; };
		2B554B1A24E3E2A000A7B1C9 /* LaunchScreen.storyboard in Resources */ = {isa = PBXBuildFile; fileRef = 2B554B1824E3E2A000A7B1C9 /* LaunchScreen.storyboard */; };
		2B554B2524E3E2A200A7B1C9 /* placesTests.swift in Sources */ = {isa = PBXBuildFile; fileRef = 2B554B2424E3E2A200A7B1C9 /* placesTests.swift */; };
		2B554B3024E3E2A200A7B1C9 /* placesUITests.swift in Sources */ = {isa = PBXBuildFile; fileRef = 2B554B2F24E3E2A200A7B1C9 /* placesUITests.swift */; };
		2B554B3E24E3E45600A7B1C9 /* GoogleService-Info.plist in Resources */ = {isa = PBXBuildFile; fileRef = 2B554B3D24E3E45600A7B1C9 /* GoogleService-Info.plist */; };
		2B554B4E24E3E99400A7B1C9 /* Main.storyboard in Resources */ = {isa = PBXBuildFile; fileRef = 2B554B4524E3E74300A7B1C9 /* Main.storyboard */; };
		2B554B4F24E3E9D600A7B1C9 /* PlacesViewController.swift in Sources */ = {isa = PBXBuildFile; fileRef = 2B554B4724E3E89E00A7B1C9 /* PlacesViewController.swift */; };
		2B554B5024E3E9D600A7B1C9 /* AddPlaceViewController.swift in Sources */ = {isa = PBXBuildFile; fileRef = 2B554B4824E3E89E00A7B1C9 /* AddPlaceViewController.swift */; };
		2B554B5124E3E9D600A7B1C9 /* ScanViewController.swift in Sources */ = {isa = PBXBuildFile; fileRef = 2B554B4924E3E89E00A7B1C9 /* ScanViewController.swift */; };
		2B554B5424E3E9D600A7B1C9 /* ProfileViewController.swift in Sources */ = {isa = PBXBuildFile; fileRef = 2B554B4C24E3E89E00A7B1C9 /* ProfileViewController.swift */; };
		2B554B5D24E3EA5900A7B1C9 /* PlacesTableViewCell.swift in Sources */ = {isa = PBXBuildFile; fileRef = 2B554B5824E3EA5700A7B1C9 /* PlacesTableViewCell.swift */; };
		2B554B5E24E3EA5900A7B1C9 /* PlanVisitHeaderView.swift in Sources */ = {isa = PBXBuildFile; fileRef = 2B554B5524E3EA5500A7B1C9 /* PlanVisitHeaderView.swift */; };
		2B554B5F24E3EA5900A7B1C9 /* PopupViewController.swift in Sources */ = {isa = PBXBuildFile; fileRef = 2B554B5B24E3EA5800A7B1C9 /* PopupViewController.swift */; };
		2B554B6124E3EA5900A7B1C9 /* PlanVisitCell.swift in Sources */ = {isa = PBXBuildFile; fileRef = 2B554B5A24E3EA5800A7B1C9 /* PlanVisitCell.swift */; };
		2B554B6524E3ED5700A7B1C9 /* jwt-key.txt in Resources */ = {isa = PBXBuildFile; fileRef = 2B554B3F24E3E68200A7B1C9 /* jwt-key.txt */; };
		2B554B6624E3ED5700A7B1C9 /* Rubik-Bold.ttf in Resources */ = {isa = PBXBuildFile; fileRef = 2B554B4124E3E68A00A7B1C9 /* Rubik-Bold.ttf */; };
		2B554B6724E3ED5700A7B1C9 /* Rubik-Medium.ttf in Resources */ = {isa = PBXBuildFile; fileRef = 2B554B4224E3E68A00A7B1C9 /* Rubik-Medium.ttf */; };
		2B554B6824E3ED5700A7B1C9 /* Rubik-Regular.ttf in Resources */ = {isa = PBXBuildFile; fileRef = 2B554B4324E3E68A00A7B1C9 /* Rubik-Regular.ttf */; };
		2B59251E25083F4800F0FED0 /* AddSlotsViewController.swift in Sources */ = {isa = PBXBuildFile; fileRef = 2B59251D25083F4800F0FED0 /* AddSlotsViewController.swift */; };
		2B5925202508AE9E00F0FED0 /* resources.framework in Frameworks */ = {isa = PBXBuildFile; fileRef = 2B59251F2508AE9E00F0FED0 /* resources.framework */; };
		2B5925212508AE9E00F0FED0 /* resources.framework in Embed Frameworks */ = {isa = PBXBuildFile; fileRef = 2B59251F2508AE9E00F0FED0 /* resources.framework */; settings = {ATTRIBUTES = (CodeSignOnCopy, RemoveHeadersOnCopy, ); }; };
		2B984BBB257260C5004E0CCC /* PlanVisitHeaderView.xib in Resources */ = {isa = PBXBuildFile; fileRef = 2B984BBA257260C5004E0CCC /* PlanVisitHeaderView.xib */; };
		2BCF77552510B49C002D8A87 /* PlaceInfoViewController.swift in Sources */ = {isa = PBXBuildFile; fileRef = 2BCF77542510B49C002D8A87 /* PlaceInfoViewController.swift */; };
/* End PBXBuildFile section */

/* Begin PBXContainerItemProxy section */
		2B554B2124E3E2A200A7B1C9 /* PBXContainerItemProxy */ = {
			isa = PBXContainerItemProxy;
			containerPortal = 2B554B0224E3E28D00A7B1C9 /* Project object */;
			proxyType = 1;
			remoteGlobalIDString = 2B554B0924E3E28D00A7B1C9;
			remoteInfo = places;
		};
		2B554B2C24E3E2A200A7B1C9 /* PBXContainerItemProxy */ = {
			isa = PBXContainerItemProxy;
			containerPortal = 2B554B0224E3E28D00A7B1C9 /* Project object */;
			proxyType = 1;
			remoteGlobalIDString = 2B554B0924E3E28D00A7B1C9;
			remoteInfo = places;
		};
/* End PBXContainerItemProxy section */

/* Begin PBXCopyFilesBuildPhase section */
		2B5925222508AE9E00F0FED0 /* Embed Frameworks */ = {
			isa = PBXCopyFilesBuildPhase;
			buildActionMask = 2147483647;
			dstPath = "";
			dstSubfolderSpec = 10;
			files = (
				2B5925212508AE9E00F0FED0 /* resources.framework in Embed Frameworks */,
			);
			name = "Embed Frameworks";
			runOnlyForDeploymentPostprocessing = 0;
		};
/* End PBXCopyFilesBuildPhase section */

/* Begin PBXFileReference section */
		0DB59AA74AEBD85EC2AD439C /* Pods_places.framework */ = {isa = PBXFileReference; explicitFileType = wrapper.framework; includeInIndex = 0; path = Pods_places.framework; sourceTree = BUILT_PRODUCTS_DIR; };
		2B554B0A24E3E28D00A7B1C9 /* Places.app */ = {isa = PBXFileReference; explicitFileType = wrapper.application; includeInIndex = 0; path = Places.app; sourceTree = BUILT_PRODUCTS_DIR; };
		2B554B0D24E3E28D00A7B1C9 /* AppDelegate.swift */ = {isa = PBXFileReference; lastKnownFileType = sourcecode.swift; path = AppDelegate.swift; sourceTree = "<group>"; };
		2B554B1624E3E2A000A7B1C9 /* Assets.xcassets */ = {isa = PBXFileReference; lastKnownFileType = folder.assetcatalog; path = Assets.xcassets; sourceTree = "<group>"; };
		2B554B1924E3E2A000A7B1C9 /* Base */ = {isa = PBXFileReference; lastKnownFileType = file.storyboard; name = Base; path = Base.lproj/LaunchScreen.storyboard; sourceTree = "<group>"; };
		2B554B1B24E3E2A000A7B1C9 /* Info.plist */ = {isa = PBXFileReference; lastKnownFileType = text.plist.xml; path = Info.plist; sourceTree = "<group>"; };
		2B554B2024E3E2A100A7B1C9 /* placesTests.xctest */ = {isa = PBXFileReference; explicitFileType = wrapper.cfbundle; includeInIndex = 0; path = placesTests.xctest; sourceTree = BUILT_PRODUCTS_DIR; };
		2B554B2424E3E2A200A7B1C9 /* placesTests.swift */ = {isa = PBXFileReference; lastKnownFileType = sourcecode.swift; path = placesTests.swift; sourceTree = "<group>"; };
		2B554B2624E3E2A200A7B1C9 /* Info.plist */ = {isa = PBXFileReference; lastKnownFileType = text.plist.xml; path = Info.plist; sourceTree = "<group>"; };
		2B554B2B24E3E2A200A7B1C9 /* placesUITests.xctest */ = {isa = PBXFileReference; explicitFileType = wrapper.cfbundle; includeInIndex = 0; path = placesUITests.xctest; sourceTree = BUILT_PRODUCTS_DIR; };
		2B554B2F24E3E2A200A7B1C9 /* placesUITests.swift */ = {isa = PBXFileReference; lastKnownFileType = sourcecode.swift; path = placesUITests.swift; sourceTree = "<group>"; };
		2B554B3124E3E2A200A7B1C9 /* Info.plist */ = {isa = PBXFileReference; lastKnownFileType = text.plist.xml; path = Info.plist; sourceTree = "<group>"; };
		2B554B3D24E3E45600A7B1C9 /* GoogleService-Info.plist */ = {isa = PBXFileReference; fileEncoding = 4; lastKnownFileType = text.plist.xml; path = "GoogleService-Info.plist"; sourceTree = "<group>"; };
		2B554B3F24E3E68200A7B1C9 /* jwt-key.txt */ = {isa = PBXFileReference; lastKnownFileType = text; path = "jwt-key.txt"; sourceTree = "<group>"; };
		2B554B4124E3E68A00A7B1C9 /* Rubik-Bold.ttf */ = {isa = PBXFileReference; lastKnownFileType = file; path = "Rubik-Bold.ttf"; sourceTree = "<group>"; };
		2B554B4224E3E68A00A7B1C9 /* Rubik-Medium.ttf */ = {isa = PBXFileReference; lastKnownFileType = file; path = "Rubik-Medium.ttf"; sourceTree = "<group>"; };
		2B554B4324E3E68A00A7B1C9 /* Rubik-Regular.ttf */ = {isa = PBXFileReference; lastKnownFileType = file; path = "Rubik-Regular.ttf"; sourceTree = "<group>"; };
		2B554B4424E3E74300A7B1C9 /* Base */ = {isa = PBXFileReference; lastKnownFileType = file.storyboard; name = Base; path = Base.lproj/Main.storyboard; sourceTree = "<group>"; };
		2B554B4724E3E89E00A7B1C9 /* PlacesViewController.swift */ = {isa = PBXFileReference; lastKnownFileType = sourcecode.swift; path = PlacesViewController.swift; sourceTree = "<group>"; };
		2B554B4824E3E89E00A7B1C9 /* AddPlaceViewController.swift */ = {isa = PBXFileReference; lastKnownFileType = sourcecode.swift; path = AddPlaceViewController.swift; sourceTree = "<group>"; };
		2B554B4924E3E89E00A7B1C9 /* ScanViewController.swift */ = {isa = PBXFileReference; lastKnownFileType = sourcecode.swift; path = ScanViewController.swift; sourceTree = "<group>"; };
		2B554B4C24E3E89E00A7B1C9 /* ProfileViewController.swift */ = {isa = PBXFileReference; lastKnownFileType = sourcecode.swift; path = ProfileViewController.swift; sourceTree = "<group>"; };
		2B554B5524E3EA5500A7B1C9 /* PlanVisitHeaderView.swift */ = {isa = PBXFileReference; lastKnownFileType = sourcecode.swift; path = PlanVisitHeaderView.swift; sourceTree = "<group>"; };
		2B554B5824E3EA5700A7B1C9 /* PlacesTableViewCell.swift */ = {isa = PBXFileReference; lastKnownFileType = sourcecode.swift; path = PlacesTableViewCell.swift; sourceTree = "<group>"; };
		2B554B5A24E3EA5800A7B1C9 /* PlanVisitCell.swift */ = {isa = PBXFileReference; lastKnownFileType = sourcecode.swift; path = PlanVisitCell.swift; sourceTree = "<group>"; };
		2B554B5B24E3EA5800A7B1C9 /* PopupViewController.swift */ = {isa = PBXFileReference; lastKnownFileType = sourcecode.swift; path = PopupViewController.swift; sourceTree = "<group>"; };
		2B59251D25083F4800F0FED0 /* AddSlotsViewController.swift */ = {isa = PBXFileReference; lastKnownFileType = sourcecode.swift; path = AddSlotsViewController.swift; sourceTree = "<group>"; };
		2B59251F2508AE9E00F0FED0 /* resources.framework */ = {isa = PBXFileReference; explicitFileType = wrapper.framework; path = resources.framework; sourceTree = BUILT_PRODUCTS_DIR; };
		2B984BBA257260C5004E0CCC /* PlanVisitHeaderView.xib */ = {isa = PBXFileReference; lastKnownFileType = file.xib; path = PlanVisitHeaderView.xib; sourceTree = "<group>"; };
		2BC32D0625A52E9C00858770 /* main.c */ = {isa = PBXFileReference; lastKnownFileType = sourcecode.c.c; name = main.c; path = ../../../../../../main.c; sourceTree = "<group>"; };
		2BCF77542510B49C002D8A87 /* PlaceInfoViewController.swift */ = {isa = PBXFileReference; fileEncoding = 4; lastKnownFileType = sourcecode.swift; path = PlaceInfoViewController.swift; sourceTree = "<group>"; };
		672A7D4DA530A7BC41B10D09 /* Pods-places.debug.xcconfig */ = {isa = PBXFileReference; includeInIndex = 1; lastKnownFileType = text.xcconfig; name = "Pods-places.debug.xcconfig"; path = "Target Support Files/Pods-places/Pods-places.debug.xcconfig"; sourceTree = "<group>"; };
		979ACB5F42381B8C13B513E7 /* Pods-places.release.xcconfig */ = {isa = PBXFileReference; includeInIndex = 1; lastKnownFileType = text.xcconfig; name = "Pods-places.release.xcconfig"; path = "Target Support Files/Pods-places/Pods-places.release.xcconfig"; sourceTree = "<group>"; };
/* End PBXFileReference section */

/* Begin PBXFrameworksBuildPhase section */
		2B554B0724E3E28D00A7B1C9 /* Frameworks */ = {
			isa = PBXFrameworksBuildPhase;
			buildActionMask = 2147483647;
			files = (
				2B5925202508AE9E00F0FED0 /* resources.framework in Frameworks */,
				22809634B132582FF55F3AE5 /* Pods_places.framework in Frameworks */,
			);
			runOnlyForDeploymentPostprocessing = 0;
		};
		2B554B1D24E3E2A100A7B1C9 /* Frameworks */ = {
			isa = PBXFrameworksBuildPhase;
			buildActionMask = 2147483647;
			files = (
			);
			runOnlyForDeploymentPostprocessing = 0;
		};
		2B554B2824E3E2A200A7B1C9 /* Frameworks */ = {
			isa = PBXFrameworksBuildPhase;
			buildActionMask = 2147483647;
			files = (
			);
			runOnlyForDeploymentPostprocessing = 0;
		};
/* End PBXFrameworksBuildPhase section */

/* Begin PBXGroup section */
		10F32FE6414B21F95685204E /* Pods */ = {
			isa = PBXGroup;
			children = (
				672A7D4DA530A7BC41B10D09 /* Pods-places.debug.xcconfig */,
				979ACB5F42381B8C13B513E7 /* Pods-places.release.xcconfig */,
			);
			name = Pods;
			path = ../Pods;
			sourceTree = "<group>";
		};
		12A0FF2E5127C1E78E13512A /* Frameworks */ = {
			isa = PBXGroup;
			children = (
				2B59251F2508AE9E00F0FED0 /* resources.framework */,
				0DB59AA74AEBD85EC2AD439C /* Pods_places.framework */,
			);
			name = Frameworks;
			sourceTree = "<group>";
		};
		2B554B0124E3E28D00A7B1C9 = {
			isa = PBXGroup;
			children = (
				2B554B0C24E3E28D00A7B1C9 /* places */,
				2B554B2324E3E2A200A7B1C9 /* placesTests */,
				2B554B2E24E3E2A200A7B1C9 /* placesUITests */,
				2B554B0B24E3E28D00A7B1C9 /* Products */,
				10F32FE6414B21F95685204E /* Pods */,
				12A0FF2E5127C1E78E13512A /* Frameworks */,
			);
			sourceTree = "<group>";
		};
		2B554B0B24E3E28D00A7B1C9 /* Products */ = {
			isa = PBXGroup;
			children = (
				2B554B0A24E3E28D00A7B1C9 /* Places.app */,
				2B554B2024E3E2A100A7B1C9 /* placesTests.xctest */,
				2B554B2B24E3E2A200A7B1C9 /* placesUITests.xctest */,
			);
			name = Products;
			sourceTree = "<group>";
		};
		2B554B0C24E3E28D00A7B1C9 /* places */ = {
			isa = PBXGroup;
			children = (
				2B554B3F24E3E68200A7B1C9 /* jwt-key.txt */,
				2B554B4024E3E68A00A7B1C9 /* fonts */,
				2B554B4D24E3E89E00A7B1C9 /* navigation */,
				2B554B0D24E3E28D00A7B1C9 /* AppDelegate.swift */,
				2B59251D25083F4800F0FED0 /* AddSlotsViewController.swift */,
				2B554B5B24E3EA5800A7B1C9 /* PopupViewController.swift */,
				2B554B5A24E3EA5800A7B1C9 /* PlanVisitCell.swift */,
				2B554B5524E3EA5500A7B1C9 /* PlanVisitHeaderView.swift */,
				2B984BBA257260C5004E0CCC /* PlanVisitHeaderView.xib */,
				2B554B5824E3EA5700A7B1C9 /* PlacesTableViewCell.swift */,
				2B554B4524E3E74300A7B1C9 /* Main.storyboard */,
				2B554B1624E3E2A000A7B1C9 /* Assets.xcassets */,
				2B554B1824E3E2A000A7B1C9 /* LaunchScreen.storyboard */,
				2B554B1B24E3E2A000A7B1C9 /* Info.plist */,
				2B554B3D24E3E45600A7B1C9 /* GoogleService-Info.plist */,
			);
			path = places;
			sourceTree = "<group>";
		};
		2B554B2324E3E2A200A7B1C9 /* placesTests */ = {
			isa = PBXGroup;
			children = (
				2B554B2424E3E2A200A7B1C9 /* placesTests.swift */,
				2B554B2624E3E2A200A7B1C9 /* Info.plist */,
			);
			path = placesTests;
			sourceTree = "<group>";
		};
		2B554B2E24E3E2A200A7B1C9 /* placesUITests */ = {
			isa = PBXGroup;
			children = (
				2B554B2F24E3E2A200A7B1C9 /* placesUITests.swift */,
				2B554B3124E3E2A200A7B1C9 /* Info.plist */,
			);
			path = placesUITests;
			sourceTree = "<group>";
		};
		2B554B4024E3E68A00A7B1C9 /* fonts */ = {
			isa = PBXGroup;
			children = (
				2B554B4124E3E68A00A7B1C9 /* Rubik-Bold.ttf */,
				2B554B4224E3E68A00A7B1C9 /* Rubik-Medium.ttf */,
				2B554B4324E3E68A00A7B1C9 /* Rubik-Regular.ttf */,
			);
			path = fonts;
			sourceTree = "<group>";
		};
		2B554B4D24E3E89E00A7B1C9 /* navigation */ = {
			isa = PBXGroup;
			children = (
				2B554B4724E3E89E00A7B1C9 /* PlacesViewController.swift */,
				2BC32D0625A52E9C00858770 /* main.c */,
				2BCF77542510B49C002D8A87 /* PlaceInfoViewController.swift */,
				2B554B4824E3E89E00A7B1C9 /* AddPlaceViewController.swift */,
				2B554B4924E3E89E00A7B1C9 /* ScanViewController.swift */,
				2B554B4C24E3E89E00A7B1C9 /* ProfileViewController.swift */,
			);
			path = navigation;
			sourceTree = "<group>";
		};
/* End PBXGroup section */

/* Begin PBXNativeTarget section */
		2B554B0924E3E28D00A7B1C9 /* places */ = {
			isa = PBXNativeTarget;
			buildConfigurationList = 2B554B3424E3E2A200A7B1C9 /* Build configuration list for PBXNativeTarget "places" */;
			buildPhases = (
				159622083C87F9DE29708566 /* [CP] Check Pods Manifest.lock */,
				2B554B0624E3E28D00A7B1C9 /* Sources */,
				2B554B0724E3E28D00A7B1C9 /* Frameworks */,
				2B554B0824E3E28D00A7B1C9 /* Resources */,
				C00C6E88A25B43EB7A351582 /* [CP] Embed Pods Frameworks */,
				2B5925222508AE9E00F0FED0 /* Embed Frameworks */,
			);
			buildRules = (
			);
			dependencies = (
			);
			name = places;
			productName = places;
			productReference = 2B554B0A24E3E28D00A7B1C9 /* Places.app */;
			productType = "com.apple.product-type.application";
		};
		2B554B1F24E3E2A100A7B1C9 /* placesTests */ = {
			isa = PBXNativeTarget;
			buildConfigurationList = 2B554B3724E3E2A200A7B1C9 /* Build configuration list for PBXNativeTarget "placesTests" */;
			buildPhases = (
				2B554B1C24E3E2A100A7B1C9 /* Sources */,
				2B554B1D24E3E2A100A7B1C9 /* Frameworks */,
				2B554B1E24E3E2A100A7B1C9 /* Resources */,
			);
			buildRules = (
			);
			dependencies = (
				2B554B2224E3E2A200A7B1C9 /* PBXTargetDependency */,
			);
			name = placesTests;
			productName = placesTests;
			productReference = 2B554B2024E3E2A100A7B1C9 /* placesTests.xctest */;
			productType = "com.apple.product-type.bundle.unit-test";
		};
		2B554B2A24E3E2A200A7B1C9 /* placesUITests */ = {
			isa = PBXNativeTarget;
			buildConfigurationList = 2B554B3A24E3E2A200A7B1C9 /* Build configuration list for PBXNativeTarget "placesUITests" */;
			buildPhases = (
				2B554B2724E3E2A200A7B1C9 /* Sources */,
				2B554B2824E3E2A200A7B1C9 /* Frameworks */,
				2B554B2924E3E2A200A7B1C9 /* Resources */,
			);
			buildRules = (
			);
			dependencies = (
				2B554B2D24E3E2A200A7B1C9 /* PBXTargetDependency */,
			);
			name = placesUITests;
			productName = placesUITests;
			productReference = 2B554B2B24E3E2A200A7B1C9 /* placesUITests.xctest */;
			productType = "com.apple.product-type.bundle.ui-testing";
		};
/* End PBXNativeTarget section */

/* Begin PBXProject section */
		2B554B0224E3E28D00A7B1C9 /* Project object */ = {
			isa = PBXProject;
			attributes = {
				LastSwiftUpdateCheck = 1160;
				LastUpgradeCheck = 1220;
				ORGANIZATIONNAME = accessapp;
				TargetAttributes = {
					2B554B0924E3E28D00A7B1C9 = {
						CreatedOnToolsVersion = 11.6;
					};
					2B554B1F24E3E2A100A7B1C9 = {
						CreatedOnToolsVersion = 11.6;
						TestTargetID = 2B554B0924E3E28D00A7B1C9;
					};
					2B554B2A24E3E2A200A7B1C9 = {
						CreatedOnToolsVersion = 11.6;
						TestTargetID = 2B554B0924E3E28D00A7B1C9;
					};
				};
			};
			buildConfigurationList = 2B554B0524E3E28D00A7B1C9 /* Build configuration list for PBXProject "places" */;
			compatibilityVersion = "Xcode 9.3";
			developmentRegion = en;
			hasScannedForEncodings = 0;
			knownRegions = (
				en,
				Base,
			);
			mainGroup = 2B554B0124E3E28D00A7B1C9;
			productRefGroup = 2B554B0B24E3E28D00A7B1C9 /* Products */;
			projectDirPath = "";
			projectRoot = "";
			targets = (
				2B554B0924E3E28D00A7B1C9 /* places */,
				2B554B1F24E3E2A100A7B1C9 /* placesTests */,
				2B554B2A24E3E2A200A7B1C9 /* placesUITests */,
			);
		};
/* End PBXProject section */

/* Begin PBXResourcesBuildPhase section */
		2B554B0824E3E28D00A7B1C9 /* Resources */ = {
			isa = PBXResourcesBuildPhase;
			buildActionMask = 2147483647;
			files = (
				2B554B6524E3ED5700A7B1C9 /* jwt-key.txt in Resources */,
				2B554B6624E3ED5700A7B1C9 /* Rubik-Bold.ttf in Resources */,
				2B554B6724E3ED5700A7B1C9 /* Rubik-Medium.ttf in Resources */,
				2B554B6824E3ED5700A7B1C9 /* Rubik-Regular.ttf in Resources */,
				2B984BBB257260C5004E0CCC /* PlanVisitHeaderView.xib in Resources */,
				2B554B1A24E3E2A000A7B1C9 /* LaunchScreen.storyboard in Resources */,
				2B554B3E24E3E45600A7B1C9 /* GoogleService-Info.plist in Resources */,
				2B554B1724E3E2A000A7B1C9 /* Assets.xcassets in Resources */,
				2B554B4E24E3E99400A7B1C9 /* Main.storyboard in Resources */,
			);
			runOnlyForDeploymentPostprocessing = 0;
		};
		2B554B1E24E3E2A100A7B1C9 /* Resources */ = {
			isa = PBXResourcesBuildPhase;
			buildActionMask = 2147483647;
			files = (
			);
			runOnlyForDeploymentPostprocessing = 0;
		};
		2B554B2924E3E2A200A7B1C9 /* Resources */ = {
			isa = PBXResourcesBuildPhase;
			buildActionMask = 2147483647;
			files = (
			);
			runOnlyForDeploymentPostprocessing = 0;
		};
/* End PBXResourcesBuildPhase section */

/* Begin PBXShellScriptBuildPhase section */
		159622083C87F9DE29708566 /* [CP] Check Pods Manifest.lock */ = {
			isa = PBXShellScriptBuildPhase;
			buildActionMask = 2147483647;
			files = (
			);
			inputFileListPaths = (
			);
			inputPaths = (
				"${PODS_PODFILE_DIR_PATH}/Podfile.lock",
				"${PODS_ROOT}/Manifest.lock",
			);
			name = "[CP] Check Pods Manifest.lock";
			outputFileListPaths = (
			);
			outputPaths = (
				"$(DERIVED_FILE_DIR)/Pods-places-checkManifestLockResult.txt",
			);
			runOnlyForDeploymentPostprocessing = 0;
			shellPath = /bin/sh;
			shellScript = "diff \"${PODS_PODFILE_DIR_PATH}/Podfile.lock\" \"${PODS_ROOT}/Manifest.lock\" > /dev/null\nif [ $? != 0 ] ; then\n    # print error to STDERR\n    echo \"error: The sandbox is not in sync with the Podfile.lock. Run 'pod install' or update your CocoaPods installation.\" >&2\n    exit 1\nfi\n# This output is used by Xcode 'outputs' to avoid re-running this script phase.\necho \"SUCCESS\" > \"${SCRIPT_OUTPUT_FILE_0}\"\n";
			showEnvVarsInLog = 0;
		};
		C00C6E88A25B43EB7A351582 /* [CP] Embed Pods Frameworks */ = {
			isa = PBXShellScriptBuildPhase;
			buildActionMask = 2147483647;
			files = (
			);
			inputFileListPaths = (
				"${PODS_ROOT}/Target Support Files/Pods-places/Pods-places-frameworks-${CONFIGURATION}-input-files.xcfilelist",
			);
			name = "[CP] Embed Pods Frameworks";
			outputFileListPaths = (
				"${PODS_ROOT}/Target Support Files/Pods-places/Pods-places-frameworks-${CONFIGURATION}-output-files.xcfilelist",
			);
			runOnlyForDeploymentPostprocessing = 0;
			shellPath = /bin/sh;
			shellScript = "\"${PODS_ROOT}/Target Support Files/Pods-places/Pods-places-frameworks.sh\"\n";
			showEnvVarsInLog = 0;
		};
/* End PBXShellScriptBuildPhase section */

/* Begin PBXSourcesBuildPhase section */
		2B554B0624E3E28D00A7B1C9 /* Sources */ = {
			isa = PBXSourcesBuildPhase;
			buildActionMask = 2147483647;
			files = (
				2B554B5F24E3EA5900A7B1C9 /* PopupViewController.swift in Sources */,
				2B59251E25083F4800F0FED0 /* AddSlotsViewController.swift in Sources */,
				2B554B4F24E3E9D600A7B1C9 /* PlacesViewController.swift in Sources */,
				2B554B5024E3E9D600A7B1C9 /* AddPlaceViewController.swift in Sources */,
				2B554B5124E3E9D600A7B1C9 /* ScanViewController.swift in Sources */,
				2BCF77552510B49C002D8A87 /* PlaceInfoViewController.swift in Sources */,
				2B554B5E24E3EA5900A7B1C9 /* PlanVisitHeaderView.swift in Sources */,
				2B554B5D24E3EA5900A7B1C9 /* PlacesTableViewCell.swift in Sources */,
				2B554B5424E3E9D600A7B1C9 /* ProfileViewController.swift in Sources */,
				2B554B6124E3EA5900A7B1C9 /* PlanVisitCell.swift in Sources */,
				2B554B0E24E3E28D00A7B1C9 /* AppDelegate.swift in Sources */,
			);
			runOnlyForDeploymentPostprocessing = 0;
		};
		2B554B1C24E3E2A100A7B1C9 /* Sources */ = {
			isa = PBXSourcesBuildPhase;
			buildActionMask = 2147483647;
			files = (
				2B554B2524E3E2A200A7B1C9 /* placesTests.swift in Sources */,
			);
			runOnlyForDeploymentPostprocessing = 0;
		};
		2B554B2724E3E2A200A7B1C9 /* Sources */ = {
			isa = PBXSourcesBuildPhase;
			buildActionMask = 2147483647;
			files = (
				2B554B3024E3E2A200A7B1C9 /* placesUITests.swift in Sources */,
			);
			runOnlyForDeploymentPostprocessing = 0;
		};
/* End PBXSourcesBuildPhase section */

/* Begin PBXTargetDependency section */
		2B554B2224E3E2A200A7B1C9 /* PBXTargetDependency */ = {
			isa = PBXTargetDependency;
			target = 2B554B0924E3E28D00A7B1C9 /* places */;
			targetProxy = 2B554B2124E3E2A200A7B1C9 /* PBXContainerItemProxy */;
		};
		2B554B2D24E3E2A200A7B1C9 /* PBXTargetDependency */ = {
			isa = PBXTargetDependency;
			target = 2B554B0924E3E28D00A7B1C9 /* places */;
			targetProxy = 2B554B2C24E3E2A200A7B1C9 /* PBXContainerItemProxy */;
		};
/* End PBXTargetDependency section */

/* Begin PBXVariantGroup section */
		2B554B1824E3E2A000A7B1C9 /* LaunchScreen.storyboard */ = {
			isa = PBXVariantGroup;
			children = (
				2B554B1924E3E2A000A7B1C9 /* Base */,
			);
			name = LaunchScreen.storyboard;
			sourceTree = "<group>";
		};
		2B554B4524E3E74300A7B1C9 /* Main.storyboard */ = {
			isa = PBXVariantGroup;
			children = (
				2B554B4424E3E74300A7B1C9 /* Base */,
			);
			name = Main.storyboard;
			sourceTree = "<group>";
		};
/* End PBXVariantGroup section */

/* Begin XCBuildConfiguration section */
		2B554B3224E3E2A200A7B1C9 /* Debug */ = {
			isa = XCBuildConfiguration;
			buildSettings = {
				ALWAYS_SEARCH_USER_PATHS = NO;
				CLANG_ANALYZER_NONNULL = YES;
				CLANG_ANALYZER_NUMBER_OBJECT_CONVERSION = YES_AGGRESSIVE;
				CLANG_CXX_LANGUAGE_STANDARD = "gnu++14";
				CLANG_CXX_LIBRARY = "libc++";
				CLANG_ENABLE_MODULES = YES;
				CLANG_ENABLE_OBJC_ARC = YES;
				CLANG_ENABLE_OBJC_WEAK = YES;
				CLANG_WARN_BLOCK_CAPTURE_AUTORELEASING = YES;
				CLANG_WARN_BOOL_CONVERSION = YES;
				CLANG_WARN_COMMA = YES;
				CLANG_WARN_CONSTANT_CONVERSION = YES;
				CLANG_WARN_DEPRECATED_OBJC_IMPLEMENTATIONS = YES;
				CLANG_WARN_DIRECT_OBJC_ISA_USAGE = YES_ERROR;
				CLANG_WARN_DOCUMENTATION_COMMENTS = YES;
				CLANG_WARN_EMPTY_BODY = YES;
				CLANG_WARN_ENUM_CONVERSION = YES;
				CLANG_WARN_INFINITE_RECURSION = YES;
				CLANG_WARN_INT_CONVERSION = YES;
				CLANG_WARN_NON_LITERAL_NULL_CONVERSION = YES;
				CLANG_WARN_OBJC_IMPLICIT_RETAIN_SELF = YES;
				CLANG_WARN_OBJC_LITERAL_CONVERSION = YES;
				CLANG_WARN_OBJC_ROOT_CLASS = YES_ERROR;
				CLANG_WARN_QUOTED_INCLUDE_IN_FRAMEWORK_HEADER = YES;
				CLANG_WARN_RANGE_LOOP_ANALYSIS = YES;
				CLANG_WARN_STRICT_PROTOTYPES = YES;
				CLANG_WARN_SUSPICIOUS_MOVE = YES;
				CLANG_WARN_UNGUARDED_AVAILABILITY = YES_AGGRESSIVE;
				CLANG_WARN_UNREACHABLE_CODE = YES;
				CLANG_WARN__DUPLICATE_METHOD_MATCH = YES;
				COPY_PHASE_STRIP = NO;
				DEBUG_INFORMATION_FORMAT = dwarf;
				ENABLE_STRICT_OBJC_MSGSEND = YES;
				ENABLE_TESTABILITY = YES;
				GCC_C_LANGUAGE_STANDARD = gnu11;
				GCC_DYNAMIC_NO_PIC = NO;
				GCC_NO_COMMON_BLOCKS = YES;
				GCC_OPTIMIZATION_LEVEL = 0;
				GCC_PREPROCESSOR_DEFINITIONS = (
					"DEBUG=1",
					"$(inherited)",
				);
				GCC_WARN_64_TO_32_BIT_CONVERSION = YES;
				GCC_WARN_ABOUT_RETURN_TYPE = YES_ERROR;
				GCC_WARN_UNDECLARED_SELECTOR = YES;
				GCC_WARN_UNINITIALIZED_AUTOS = YES_AGGRESSIVE;
				GCC_WARN_UNUSED_FUNCTION = YES;
				GCC_WARN_UNUSED_VARIABLE = YES;
				IPHONEOS_DEPLOYMENT_TARGET = 12.3;
				MTL_ENABLE_DEBUG_INFO = INCLUDE_SOURCE;
				MTL_FAST_MATH = YES;
				ONLY_ACTIVE_ARCH = YES;
				SDKROOT = iphoneos;
				SWIFT_ACTIVE_COMPILATION_CONDITIONS = DEBUG;
				SWIFT_OPTIMIZATION_LEVEL = "-Onone";
			};
			name = Debug;
		};
		2B554B3324E3E2A200A7B1C9 /* Release */ = {
			isa = XCBuildConfiguration;
			buildSettings = {
				ALWAYS_SEARCH_USER_PATHS = NO;
				CLANG_ANALYZER_NONNULL = YES;
				CLANG_ANALYZER_NUMBER_OBJECT_CONVERSION = YES_AGGRESSIVE;
				CLANG_CXX_LANGUAGE_STANDARD = "gnu++14";
				CLANG_CXX_LIBRARY = "libc++";
				CLANG_ENABLE_MODULES = YES;
				CLANG_ENABLE_OBJC_ARC = YES;
				CLANG_ENABLE_OBJC_WEAK = YES;
				CLANG_WARN_BLOCK_CAPTURE_AUTORELEASING = YES;
				CLANG_WARN_BOOL_CONVERSION = YES;
				CLANG_WARN_COMMA = YES;
				CLANG_WARN_CONSTANT_CONVERSION = YES;
				CLANG_WARN_DEPRECATED_OBJC_IMPLEMENTATIONS = YES;
				CLANG_WARN_DIRECT_OBJC_ISA_USAGE = YES_ERROR;
				CLANG_WARN_DOCUMENTATION_COMMENTS = YES;
				CLANG_WARN_EMPTY_BODY = YES;
				CLANG_WARN_ENUM_CONVERSION = YES;
				CLANG_WARN_INFINITE_RECURSION = YES;
				CLANG_WARN_INT_CONVERSION = YES;
				CLANG_WARN_NON_LITERAL_NULL_CONVERSION = YES;
				CLANG_WARN_OBJC_IMPLICIT_RETAIN_SELF = YES;
				CLANG_WARN_OBJC_LITERAL_CONVERSION = YES;
				CLANG_WARN_OBJC_ROOT_CLASS = YES_ERROR;
				CLANG_WARN_QUOTED_INCLUDE_IN_FRAMEWORK_HEADER = YES;
				CLANG_WARN_RANGE_LOOP_ANALYSIS = YES;
				CLANG_WARN_STRICT_PROTOTYPES = YES;
				CLANG_WARN_SUSPICIOUS_MOVE = YES;
				CLANG_WARN_UNGUARDED_AVAILABILITY = YES_AGGRESSIVE;
				CLANG_WARN_UNREACHABLE_CODE = YES;
				CLANG_WARN__DUPLICATE_METHOD_MATCH = YES;
				COPY_PHASE_STRIP = NO;
				DEBUG_INFORMATION_FORMAT = "dwarf-with-dsym";
				ENABLE_NS_ASSERTIONS = NO;
				ENABLE_STRICT_OBJC_MSGSEND = YES;
				GCC_C_LANGUAGE_STANDARD = gnu11;
				GCC_NO_COMMON_BLOCKS = YES;
				GCC_WARN_64_TO_32_BIT_CONVERSION = YES;
				GCC_WARN_ABOUT_RETURN_TYPE = YES_ERROR;
				GCC_WARN_UNDECLARED_SELECTOR = YES;
				GCC_WARN_UNINITIALIZED_AUTOS = YES_AGGRESSIVE;
				GCC_WARN_UNUSED_FUNCTION = YES;
				GCC_WARN_UNUSED_VARIABLE = YES;
				IPHONEOS_DEPLOYMENT_TARGET = 12.3;
				MTL_ENABLE_DEBUG_INFO = NO;
				MTL_FAST_MATH = YES;
				SDKROOT = iphoneos;
				SWIFT_COMPILATION_MODE = wholemodule;
				SWIFT_OPTIMIZATION_LEVEL = "-O";
				VALIDATE_PRODUCT = YES;
			};
			name = Release;
		};
		2B554B3524E3E2A200A7B1C9 /* Debug */ = {
			isa = XCBuildConfiguration;
			baseConfigurationReference = 672A7D4DA530A7BC41B10D09 /* Pods-places.debug.xcconfig */;
			buildSettings = {
				ASSETCATALOG_COMPILER_APPICON_NAME = AppIcon;
				CODE_SIGN_STYLE = Automatic;
				CURRENT_PROJECT_VERSION = 20;
				DEVELOPMENT_TEAM = V7W7JQFZ5K;
				INFOPLIST_FILE = places/Info.plist;
				LD_RUNPATH_SEARCH_PATHS = (
					"$(inherited)",
					"@executable_path/Frameworks",
				);
				MARKETING_VERSION = 1.3;
				PRODUCT_BUNDLE_IDENTIFIER = app.downloadaccess.places;
				PRODUCT_NAME = Places;
				SWIFT_VERSION = 5.0;
				TARGETED_DEVICE_FAMILY = 1;
			};
			name = Debug;
		};
		2B554B3624E3E2A200A7B1C9 /* Release */ = {
			isa = XCBuildConfiguration;
			baseConfigurationReference = 979ACB5F42381B8C13B513E7 /* Pods-places.release.xcconfig */;
			buildSettings = {
				ASSETCATALOG_COMPILER_APPICON_NAME = AppIcon;
				CODE_SIGN_STYLE = Automatic;
				CURRENT_PROJECT_VERSION = 20;
				DEVELOPMENT_TEAM = V7W7JQFZ5K;
				INFOPLIST_FILE = places/Info.plist;
				LD_RUNPATH_SEARCH_PATHS = (
					"$(inherited)",
					"@executable_path/Frameworks",
				);
				MARKETING_VERSION = 1.3;
				PRODUCT_BUNDLE_IDENTIFIER = app.downloadaccess.places;
				PRODUCT_NAME = Places;
				SWIFT_VERSION = 5.0;
				TARGETED_DEVICE_FAMILY = 1;
			};
			name = Release;
		};
		2B554B3824E3E2A200A7B1C9 /* Debug */ = {
			isa = XCBuildConfiguration;
			buildSettings = {
				ALWAYS_EMBED_SWIFT_STANDARD_LIBRARIES = YES;
				BUNDLE_LOADER = "$(TEST_HOST)";
				CODE_SIGN_STYLE = Automatic;
				DEVELOPMENT_TEAM = V7W7JQFZ5K;
				INFOPLIST_FILE = placesTests/Info.plist;
				IPHONEOS_DEPLOYMENT_TARGET = 13.6;
				LD_RUNPATH_SEARCH_PATHS = (
					"$(inherited)",
					"@executable_path/Frameworks",
					"@loader_path/Frameworks",
				);
				PRODUCT_BUNDLE_IDENTIFIER = app.downloadaccess.placesTests;
				PRODUCT_NAME = "$(TARGET_NAME)";
				SWIFT_VERSION = 5.0;
				TARGETED_DEVICE_FAMILY = "1,2";
				TEST_HOST = "$(BUILT_PRODUCTS_DIR)/places.app/places";
			};
			name = Debug;
		};
		2B554B3924E3E2A200A7B1C9 /* Release */ = {
			isa = XCBuildConfiguration;
			buildSettings = {
				ALWAYS_EMBED_SWIFT_STANDARD_LIBRARIES = YES;
				BUNDLE_LOADER = "$(TEST_HOST)";
				CODE_SIGN_STYLE = Automatic;
				DEVELOPMENT_TEAM = V7W7JQFZ5K;
				INFOPLIST_FILE = placesTests/Info.plist;
				IPHONEOS_DEPLOYMENT_TARGET = 13.6;
				LD_RUNPATH_SEARCH_PATHS = (
					"$(inherited)",
					"@executable_path/Frameworks",
					"@loader_path/Frameworks",
				);
				PRODUCT_BUNDLE_IDENTIFIER = app.downloadaccess.placesTests;
				PRODUCT_NAME = "$(TARGET_NAME)";
				SWIFT_VERSION = 5.0;
				TARGETED_DEVICE_FAMILY = "1,2";
				TEST_HOST = "$(BUILT_PRODUCTS_DIR)/places.app/places";
			};
			name = Release;
		};
		2B554B3B24E3E2A200A7B1C9 /* Debug */ = {
			isa = XCBuildConfiguration;
			buildSettings = {
				ALWAYS_EMBED_SWIFT_STANDARD_LIBRARIES = YES;
				CODE_SIGN_STYLE = Automatic;
				DEVELOPMENT_TEAM = V7W7JQFZ5K;
				INFOPLIST_FILE = placesUITests/Info.plist;
				LD_RUNPATH_SEARCH_PATHS = (
					"$(inherited)",
					"@executable_path/Frameworks",
					"@loader_path/Frameworks",
				);
				PRODUCT_BUNDLE_IDENTIFIER = app.downloadaccess.placesUITests;
				PRODUCT_NAME = "$(TARGET_NAME)";
				SWIFT_VERSION = 5.0;
				TARGETED_DEVICE_FAMILY = "1,2";
				TEST_TARGET_NAME = places;
			};
			name = Debug;
		};
		2B554B3C24E3E2A200A7B1C9 /* Release */ = {
			isa = XCBuildConfiguration;
			buildSettings = {
				ALWAYS_EMBED_SWIFT_STANDARD_LIBRARIES = YES;
				CODE_SIGN_STYLE = Automatic;
				DEVELOPMENT_TEAM = V7W7JQFZ5K;
				INFOPLIST_FILE = placesUITests/Info.plist;
				LD_RUNPATH_SEARCH_PATHS = (
					"$(inherited)",
					"@executable_path/Frameworks",
					"@loader_path/Frameworks",
				);
				PRODUCT_BUNDLE_IDENTIFIER = app.downloadaccess.placesUITests;
				PRODUCT_NAME = "$(TARGET_NAME)";
				SWIFT_VERSION = 5.0;
				TARGETED_DEVICE_FAMILY = "1,2";
				TEST_TARGET_NAME = places;
			};
			name = Release;
		};
/* End XCBuildConfiguration section */

/* Begin XCConfigurationList section */
		2B554B0524E3E28D00A7B1C9 /* Build configuration list for PBXProject "places" */ = {
			isa = XCConfigurationList;
			buildConfigurations = (
				2B554B3224E3E2A200A7B1C9 /* Debug */,
				2B554B3324E3E2A200A7B1C9 /* Release */,
			);
			defaultConfigurationIsVisible = 0;
			defaultConfigurationName = Release;
		};
		2B554B3424E3E2A200A7B1C9 /* Build configuration list for PBXNativeTarget "places" */ = {
			isa = XCConfigurationList;
			buildConfigurations = (
				2B554B3524E3E2A200A7B1C9 /* Debug */,
				2B554B3624E3E2A200A7B1C9 /* Release */,
			);
			defaultConfigurationIsVisible = 0;
			defaultConfigurationName = Release;
		};
		2B554B3724E3E2A200A7B1C9 /* Build configuration list for PBXNativeTarget "placesTests" */ = {
			isa = XCConfigurationList;
			buildConfigurations = (
				2B554B3824E3E2A200A7B1C9 /* Debug */,
				2B554B3924E3E2A200A7B1C9 /* Release */,
			);
			defaultConfigurationIsVisible = 0;
			defaultConfigurationName = Release;
		};
		2B554B3A24E3E2A200A7B1C9 /* Build configuration list for PBXNativeTarget "placesUITests" */ = {
			isa = XCConfigurationList;
			buildConfigurations = (
				2B554B3B24E3E2A200A7B1C9 /* Debug */,
				2B554B3C24E3E2A200A7B1C9 /* Release */,
			);
			defaultConfigurationIsVisible = 0;
			defaultConfigurationName = Release;
		};
/* End XCConfigurationList section */
	};
	rootObject = 2B554B0224E3E28D00A7B1C9 /* Project object */;
}
